
Microsoft Visual Studio Solution File, Format Version 12.00
# Visual Studio Version 16
VisualStudioVersion = 16.0.30907.101
MinimumVisualStudioVersion = 10.0.40219.1
Project("{FAE04EC0-301F-11D3-BF4B-00C04F79EFBC}") = "GerenciadorDeCondominios", "GerenciadorDeCondominios\GerenciadorDeCondominios.csproj", "{EC445331-1B4D-418E-930B-843C6687CD3D}"
EndProject
Project("{FAE04EC0-301F-11D3-BF4B-00C04F79EFBC}") = "GerenciadorDeCondominios.BLL", "GerenciadorDeCondominios.BLL\GerenciadorDeCondominios.BLL.csproj", "{1FA57B03-73E1-4D6A-BC3C-6E6146BF2D2A}"
EndProject
Project("{FAE04EC0-301F-11D3-BF4B-00C04F79EFBC}") = "GerenciadorDeCondominios.DAL", "GerenciadorDeCondominios.DAL\GerenciadorDeCondominios.DAL.csproj", "{36AB06F1-A92C-48F1-BF67-03CA4FB33205}"
EndProject
Global
	GlobalSection(SolutionConfigurationPlatforms) = preSolution
		Debug|Any CPU = Debug|Any CPU
		Release|Any CPU = Release|Any CPU
	EndGlobalSection
	GlobalSection(ProjectConfigurationPlatforms) = postSolution
		{EC445331-1B4D-418E-930B-843C6687CD3D}.Debug|Any CPU.ActiveCfg = Debug|Any CPU
		{EC445331-1B4D-418E-930B-843C6687CD3D}.Debug|Any CPU.Build.0 = Debug|Any CPU
		{EC445331-1B4D-418E-930B-843C6687CD3D}.Release|Any CPU.ActiveCfg = Release|Any CPU
		{EC445331-1B4D-418E-930B-843C6687CD3D}.Release|Any CPU.Build.0 = Release|Any CPU
		{1FA57B03-73E1-4D6A-BC3C-6E6146BF2D2A}.Debug|Any CPU.ActiveCfg = Debug|Any CPU
		{1FA57B03-73E1-4D6A-BC3C-6E6146BF2D2A}.Debug|Any CPU.Build.0 = Debug|Any CPU
		{1FA57B03-73E1-4D6A-BC3C-6E6146BF2D2A}.Release|Any CPU.ActiveCfg = Release|Any CPU
		{1FA57B03-73E1-4D6A-BC3C-6E6146BF2D2A}.Release|Any CPU.Build.0 = Release|Any CPU
		{36AB06F1-A92C-48F1-BF67-03CA4FB33205}.Debug|Any CPU.ActiveCfg = Debug|Any CPU
		{36AB06F1-A92C-48F1-BF67-03CA4FB33205}.Debug|Any CPU.Build.0 = Debug|Any CPU
		{36AB06F1-A92C-48F1-BF67-03CA4FB33205}.Release|Any CPU.ActiveCfg = Release|Any CPU
		{36AB06F1-A92C-48F1-BF67-03CA4FB33205}.Release|Any CPU.Build.0 = Release|Any CPU
	EndGlobalSection
	GlobalSection(SolutionProperties) = preSolution
		HideSolutionNode = FALSE
	EndGlobalSection
	GlobalSection(ExtensibilityGlobals) = postSolution
		SolutionGuid = {79C642B1-3EDC-4ABB-87D9-AAF3E2B35C99}
	EndGlobalSection
EndGlobal
